// !$*UTF8*$!
{
	archiveVersion = 1;
	classes = {
	};
	objectVersion = 46;
	objects = {

/* Begin PBXBuildFile section */
		7A256E7D1D695F1B00BE982B /* AppDelegate.swift in Sources */ = {isa = PBXBuildFile; fileRef = 7A256E7C1D695F1B00BE982B /* AppDelegate.swift */; };
		7A256E7F1D695F1B00BE982B /* ViewController.swift in Sources */ = {isa = PBXBuildFile; fileRef = 7A256E7E1D695F1B00BE982B /* ViewController.swift */; };
		7A256E821D695F1B00BE982B /* Main.storyboard in Resources */ = {isa = PBXBuildFile; fileRef = 7A256E801D695F1B00BE982B /* Main.storyboard */; };
		7A256E841D695F1C00BE982B /* Assets.xcassets in Resources */ = {isa = PBXBuildFile; fileRef = 7A256E831D695F1C00BE982B /* Assets.xcassets */; };
		7A256E871D695F1C00BE982B /* LaunchScreen.storyboard in Resources */ = {isa = PBXBuildFile; fileRef = 7A256E851D695F1C00BE982B /* LaunchScreen.storyboard */; };
/* End PBXBuildFile section */

/* Begin PBXFileReference section */
		7A256E791D695F1B00BE982B /* iMaps.app */ = {isa = PBXFileReference; explicitFileType = wrapper.application; includeInIndex = 0; path = iMaps.app; sourceTree = BUILT_PRODUCTS_DIR; };
		7A256E7C1D695F1B00BE982B /* AppDelegate.swift */ = {isa = PBXFileReference; lastKnownFileType = sourcecode.swift; path = AppDelegate.swift; sourceTree = "<group>"; };
		7A256E7E1D695F1B00BE982B /* ViewController.swift */ = {isa = PBXFileReference; lastKnownFileType = sourcecode.swift; path = ViewController.swift; sourceTree = "<group>"; };
		7A256E811D695F1B00BE982B /* Base */ = {isa = PBXFileReference; lastKnownFileType = file.storyboard; name = Base; path = Base.lproj/Main.storyboard; sourceTree = "<group>"; };
		7A256E831D695F1C00BE982B /* Assets.xcassets */ = {isa = PBXFileReference; lastKnownFileType = folder.assetcatalog; path = Assets.xcassets; sourceTree = "<group>"; };
		7A256E861D695F1C00BE982B /* Base */ = {isa = PBXFileReference; lastKnownFileType = file.storyboard; name = Base; path = Base.lproj/LaunchScreen.storyboard; sourceTree = "<group>"; };
		7A256E881D695F1C00BE982B /* Info.plist */ = {isa = PBXFileReference; lastKnownFileType = text.plist.xml; path = Info.plist; sourceTree = "<group>"; };
/* End PBXFileReference section */

/* Begin PBXFrameworksBuildPhase section */
		7A256E761D695F1B00BE982B /* Frameworks */ = {
			isa = PBXFrameworksBuildPhase;
			buildActionMask = 2147483647;
			files = (
			);
			runOnlyForDeploymentPostprocessing = 0;
		};
/* End PBXFrameworksBuildPhase section */

/* Begin PBXGroup section */
		7A256E701D695F1B00BE982B = {
			isa = PBXGroup;
			children = (
				7A256E7B1D695F1B00BE982B /* iMaps */,
				7A256E7A1D695F1B00BE982B /* Products */,
			);
			sourceTree = "<group>";
		};
		7A256E7A1D695F1B00BE982B /* Products */ = {
			isa = PBXGroup;
			children = (
				7A256E791D695F1B00BE982B /* iMaps.app */,
			);
			name = Products;
			sourceTree = "<group>";
		};
		7A256E7B1D695F1B00BE982B /* iMaps */ = {
			isa = PBXGroup;
			children = (
				7A256E7C1D695F1B00BE982B /* AppDelegate.swift */,
				7A256E7E1D695F1B00BE982B /* ViewController.swift */,
				7A256E801D695F1B00BE982B /* Main.storyboard */,
				7A256E831D695F1C00BE982B /* Assets.xcassets */,
				7A256E851D695F1C00BE982B /* LaunchScreen.storyboard */,
				7A256E881D695F1C00BE982B /* Info.plist */,
			);
			path = iMaps;
			sourceTree = "<group>";
		};
/* End PBXGroup section */

/* Begin PBXNativeTarget section */
		7A256E781D695F1B00BE982B /* iMaps */ = {
			isa = PBXNativeTarget;
			buildConfigurationList = 7A256E8B1D695F1C00BE982B /* Build configuration list for PBXNativeTarget "iMaps" */;
			buildPhases = (
				7A256E751D695F1B00BE982B /* Sources */,
				7A256E761D695F1B00BE982B /* Frameworks */,
				7A256E771D695F1B00BE982B /* Resources */,
			);
			buildRules = (
			);
			dependencies = (
			);
			name = iMaps;
			productName = iMaps;
			productReference = 7A256E791D695F1B00BE982B /* iMaps.app */;
			productType = "com.apple.product-type.application";
		};
/* End PBXNativeTarget section */

/* Begin PBXProject section */
		7A256E711D695F1B00BE982B /* Project object */ = {
			isa = PBXProject;
			attributes = {
				LastSwiftUpdateCheck = 0800;
				LastUpgradeCheck = 0800;
				ORGANIZATIONNAME = "Maranville Designs";
				TargetAttributes = {
					7A256E781D695F1B00BE982B = {
						CreatedOnToolsVersion = 8.0;
						DevelopmentTeam = 5342GBW3S2;
						ProvisioningStyle = Automatic;
					};
				};
			};
			buildConfigurationList = 7A256E741D695F1B00BE982B /* Build configuration list for PBXProject "iMaps" */;
			compatibilityVersion = "Xcode 3.2";
			developmentRegion = English;
			hasScannedForEncodings = 0;
			knownRegions = (
				en,
				Base,
			);
			mainGroup = 7A256E701D695F1B00BE982B;
			productRefGroup = 7A256E7A1D695F1B00BE982B /* Products */;
			projectDirPath = "";
			projectRoot = "";
			targets = (
				7A256E781D695F1B00BE982B /* iMaps */,
			);
		};
/* End PBXProject section */

/* Begin PBXResourcesBuildPhase section */
		7A256E771D695F1B00BE982B /* Resources */ = {
			isa = PBXResourcesBuildPhase;
			buildActionMask = 2147483647;
			files = (
				7A256E871D695F1C00BE982B /* LaunchScreen.storyboard in Resources */,
				7A256E841D695F1C00BE982B /* Assets.xcassets in Resources */,
				7A256E821D695F1B00BE982B /* Main.storyboard in Resources */,
			);
			runOnlyForDeploymentPostprocessing = 0;
		};
/* End PBXResourcesBuildPhase section */

/* Begin PBXSourcesBuildPhase section */
		7A256E751D695F1B00BE982B /* Sources */ = {
			isa = PBXSourcesBuildPhase;
			buildActionMask = 2147483647;
			files = (
				7A256E7F1D695F1B00BE982B /* ViewController.swift in Sources */,
				7A256E7D1D695F1B00BE982B /* AppDelegate.swift in Sources */,
			);
			runOnlyForDeploymentPostprocessing = 0;
		};
/* End PBXSourcesBuildPhase section */

/* Begin PBXVariantGroup section */
		7A256E801D695F1B00BE982B /* Main.storyboard */ = {
			isa = PBXVariantGroup;
			children = (
				7A256E811D695F1B00BE982B /* Base */,
			);
			name = Main.storyboard;
			sourceTree = "<group>";
		};
		7A256E851D695F1C00BE982B /* LaunchScreen.storyboard */ = {
			isa = PBXVariantGroup;
			children = (
				7A256E861D695F1C00BE982B /* Base */,
			);
			name = LaunchScreen.storyboard;
			sourceTree = "<group>";
		};
/* End PBXVariantGroup section */

/* Begin XCBuildConfiguration section */
		7A256E891D695F1C00BE982B /* Debug */ = {
			isa = XCBuildConfiguration;
			buildSettings = {
				ALWAYS_SEARCH_USER_PATHS = NO;
				CLANG_ANALYZER_NONNULL = YES;
				CLANG_CXX_LANGUAGE_STANDARD = "gnu++0x";
				CLANG_CXX_LIBRARY = "libc++";
				CLANG_ENABLE_MODULES = YES;
				CLANG_ENABLE_OBJC_ARC = YES;
				CLANG_WARN_BOOL_CONVERSION = YES;
				CLANG_WARN_CONSTANT_CONVERSION = YES;
				CLANG_WARN_DIRECT_OBJC_ISA_USAGE = YES_ERROR;
				CLANG_WARN_DOCUMENTATION_COMMENTS = YES;
				CLANG_WARN_EMPTY_BODY = YES;
				CLANG_WARN_ENUM_CONVERSION = YES;
				CLANG_WARN_INFINITE_RECURSION = YES;
				CLANG_WARN_INT_CONVERSION = YES;
				CLANG_WARN_OBJC_ROOT_CLASS = YES_ERROR;
				CLANG_WARN_SUSPICIOUS_MOVES = YES;
				CLANG_WARN_UNREACHABLE_CODE = YES;
				CLANG_WARN__DUPLICATE_METHOD_MATCH = YES;
				"CODE_SIGN_IDENTITY[sdk=iphoneos*]" = "iPhone Developer";
				COPY_PHASE_STRIP = NO;
				DEBUG_INFORMATION_FORMAT = dwarf;
				ENABLE_STRICT_OBJC_MSGSEND = YES;
				ENABLE_TESTABILITY = YES;
				GCC_C_LANGUAGE_STANDARD = gnu99;
				GCC_DYNAMIC_NO_PIC = NO;
				GCC_NO_COMMON_BLOCKS = YES;
				GCC_OPTIMIZATION_LEVEL = 0;
				GCC_PREPROCESSOR_DEFINITIONS = (
					"DEBUG=1",
					"$(inherited)",
				);
				GCC_WARN_64_TO_32_BIT_CONVERSION = YES;
				GCC_WARN_ABOUT_RETURN_TYPE = YES_ERROR;
				GCC_WARN_UNDECLARED_SELECTOR = YES;
				GCC_WARN_UNINITIALIZED_AUTOS = YES_AGGRESSIVE;
				GCC_WARN_UNUSED_FUNCTION = YES;
				GCC_WARN_UNUSED_VARIABLE = YES;
				IPHONEOS_DEPLOYMENT_TARGET = 10.0;
				MTL_ENABLE_DEBUG_INFO = YES;
				ONLY_ACTIVE_ARCH = YES;
				SDKROOT = iphoneos;
				SWIFT_ACTIVE_COMPILATION_CONDITIONS = DEBUG;
				SWIFT_OPTIMIZATION_LEVEL = "-Onone";
			};
			name = Debug;
		};
		7A256E8A1D695F1C00BE982B /* Release */ = {
			isa = XCBuildConfiguration;
			buildSettings = {
				ALWAYS_SEARCH_USER_PATHS = NO;
				CLANG_ANALYZER_NONNULL = YES;
				CLANG_CXX_LANGUAGE_STANDARD = "gnu++0x";
				CLANG_CXX_LIBRARY = "libc++";
				CLANG_ENABLE_MODULES = YES;
				CLANG_ENABLE_OBJC_ARC = YES;
				CLANG_WARN_BOOL_CONVERSION = YES;
				CLANG_WARN_CONSTANT_CONVERSION = YES;
				CLANG_WARN_DIRECT_OBJC_ISA_USAGE = YES_ERROR;
				CLANG_WARN_DOCUMENTATION_COMMENTS = YES;
				CLANG_WARN_EMPTY_BODY = YES;
				CLANG_WARN_ENUM_CONVERSION = YES;
				CLANG_WARN_INFINITE_RECURSION = YES;
				CLANG_WARN_INT_CONVERSION = YES;
				CLANG_WARN_OBJC_ROOT_CLASS = YES_ERROR;
				CLANG_WARN_SUSPICIOUS_MOVES = YES;
				CLANG_WARN_UNREACHABLE_CODE = YES;
				CLANG_WARN__DUPLICATE_METHOD_MATCH = YES;
				"CODE_SIGN_IDENTITY[sdk=iphoneos*]" = "iPhone Developer";
				COPY_PHASE_STRIP = NO;
				DEBUG_INFORMATION_FORMAT = "dwarf-with-dsym";
				ENABLE_NS_ASSERTIONS = NO;
				ENABLE_STRICT_OBJC_MSGSEND = YES;
				GCC_C_LANGUAGE_STANDARD = gnu99;
				GCC_NO_COMMON_BLOCKS = YES;
				GCC_WARN_64_TO_32_BIT_CONVERSION = YES;
				GCC_WARN_ABOUT_RETURN_TYPE = YES_ERROR;
				GCC_WARN_UNDECLARED_SELECTOR = YES;
				GCC_WARN_UNINITIALIZED_AUTOS = YES_AGGRESSIVE;
				GCC_WARN_UNUSED_FUNCTION = YES;
				GCC_WARN_UNUSED_VARIABLE = YES;
				IPHONEOS_DEPLOYMENT_TARGET = 10.0;
				MTL_ENABLE_DEBUG_INFO = NO;
				SDKROOT = iphoneos;
				SWIFT_OPTIMIZATION_LEVEL = "-Owholemodule";
				VALIDATE_PRODUCT = YES;
			};
			name = Release;
		};
		7A256E8C1D695F1C00BE982B /* Debug */ = {
			isa = XCBuildConfiguration;
			buildSettings = {
				ASSETCATALOG_COMPILER_APPICON_NAME = AppIcon;
				DEVELOPMENT_TEAM = 5342GBW3S2;
				INFOPLIST_FILE = iMaps/Info.plist;
				LD_RUNPATH_SEARCH_PATHS = "$(inherited) @executable_path/Frameworks";
				PRODUCT_BUNDLE_IDENTIFIER = com.maranvilledesigns.iMaps;
				PRODUCT_NAME = "$(TARGET_NAME)";
				SWIFT_VERSION = 3.0;
			};
			name = Debug;
		};
		7A256E8D1D695F1C00BE982B /* Release */ = {
			isa = XCBuildConfiguration;
			buildSettings = {
				ASSETCATALOG_COMPILER_APPICON_NAME = AppIcon;
				DEVELOPMENT_TEAM = 5342GBW3S2;
				INFOPLIST_FILE = iMaps/Info.plist;
				LD_RUNPATH_SEARCH_PATHS = "$(inherited) @executable_path/Frameworks";
				PRODUCT_BUNDLE_IDENTIFIER = com.maranvilledesigns.iMaps;
				PRODUCT_NAME = "$(TARGET_NAME)";
				SWIFT_VERSION = 3.0;
			};
			name = Release;
		};
/* End XCBuildConfiguration section */

/* Begin XCConfigurationList section */
		7A256E741D695F1B00BE982B /* Build configuration list for PBXProject "iMaps" */ = {
			isa = XCConfigurationList;
			buildConfigurations = (
				7A256E891D695F1C00BE982B /* Debug */,
				7A256E8A1D695F1C00BE982B /* Release */,
			);
			defaultConfigurationIsVisible = 0;
			defaultConfigurationName = Release;
		};
		7A256E8B1D695F1C00BE982B /* Build configuration list for PBXNativeTarget "iMaps" */ = {
			isa = XCConfigurationList;
			buildConfigurations = (
				7A256E8C1D695F1C00BE982B /* Debug */,
				7A256E8D1D695F1C00BE982B /* Release */,
			);
			defaultConfigurationIsVisible = 0;
		};
/* End XCConfigurationList section */
	};
	rootObject = 7A256E711D695F1B00BE982B /* Project object */;
}
