// !$*UTF8*$!
{
	archiveVersion = 1;
	classes = {
	};
	objectVersion = 46;
	objects = {

/* Begin PBXBuildFile section */
		7ABC5B581D4AADB600D3C8CB /* AppDelegate.swift in Sources */ = {isa = PBXBuildFile; fileRef = 7ABC5B571D4AADB600D3C8CB /* AppDelegate.swift */; };
		7ABC5B5A1D4AADB600D3C8CB /* FirstViewController.swift in Sources */ = {isa = PBXBuildFile; fileRef = 7ABC5B591D4AADB600D3C8CB /* FirstViewController.swift */; };
		7ABC5B5C1D4AADB600D3C8CB /* SecondViewController.swift in Sources */ = {isa = PBXBuildFile; fileRef = 7ABC5B5B1D4AADB600D3C8CB /* SecondViewController.swift */; };
		7ABC5B5F1D4AADB600D3C8CB /* Main.storyboard in Resources */ = {isa = PBXBuildFile; fileRef = 7ABC5B5D1D4AADB600D3C8CB /* Main.storyboard */; };
		7ABC5B611D4AADB600D3C8CB /* Assets.xcassets in Resources */ = {isa = PBXBuildFile; fileRef = 7ABC5B601D4AADB600D3C8CB /* Assets.xcassets */; };
		7ABC5B641D4AADB600D3C8CB /* LaunchScreen.storyboard in Resources */ = {isa = PBXBuildFile; fileRef = 7ABC5B621D4AADB600D3C8CB /* LaunchScreen.storyboard */; };
/* End PBXBuildFile section */

/* Begin PBXFileReference section */
		7ABC5B541D4AADB600D3C8CB /* iDo List App.app */ = {isa = PBXFileReference; explicitFileType = wrapper.application; includeInIndex = 0; path = "iDo List App.app"; sourceTree = BUILT_PRODUCTS_DIR; };
		7ABC5B571D4AADB600D3C8CB /* AppDelegate.swift */ = {isa = PBXFileReference; lastKnownFileType = sourcecode.swift; path = AppDelegate.swift; sourceTree = "<group>"; };
		7ABC5B591D4AADB600D3C8CB /* FirstViewController.swift */ = {isa = PBXFileReference; lastKnownFileType = sourcecode.swift; path = FirstViewController.swift; sourceTree = "<group>"; };
		7ABC5B5B1D4AADB600D3C8CB /* SecondViewController.swift */ = {isa = PBXFileReference; lastKnownFileType = sourcecode.swift; path = SecondViewController.swift; sourceTree = "<group>"; };
		7ABC5B5E1D4AADB600D3C8CB /* Base */ = {isa = PBXFileReference; lastKnownFileType = file.storyboard; name = Base; path = Base.lproj/Main.storyboard; sourceTree = "<group>"; };
		7ABC5B601D4AADB600D3C8CB /* Assets.xcassets */ = {isa = PBXFileReference; lastKnownFileType = folder.assetcatalog; path = Assets.xcassets; sourceTree = "<group>"; };
		7ABC5B631D4AADB600D3C8CB /* Base */ = {isa = PBXFileReference; lastKnownFileType = file.storyboard; name = Base; path = Base.lproj/LaunchScreen.storyboard; sourceTree = "<group>"; };
		7ABC5B651D4AADB600D3C8CB /* Info.plist */ = {isa = PBXFileReference; lastKnownFileType = text.plist.xml; path = Info.plist; sourceTree = "<group>"; };
/* End PBXFileReference section */

/* Begin PBXFrameworksBuildPhase section */
		7ABC5B511D4AADB600D3C8CB /* Frameworks */ = {
			isa = PBXFrameworksBuildPhase;
			buildActionMask = 2147483647;
			files = (
			);
			runOnlyForDeploymentPostprocessing = 0;
		};
/* End PBXFrameworksBuildPhase section */

/* Begin PBXGroup section */
		7ABC5B4B1D4AADB600D3C8CB = {
			isa = PBXGroup;
			children = (
				7ABC5B561D4AADB600D3C8CB /* iDo List App */,
				7ABC5B551D4AADB600D3C8CB /* Products */,
			);
			sourceTree = "<group>";
		};
		7ABC5B551D4AADB600D3C8CB /* Products */ = {
			isa = PBXGroup;
			children = (
				7ABC5B541D4AADB600D3C8CB /* iDo List App.app */,
			);
			name = Products;
			sourceTree = "<group>";
		};
		7ABC5B561D4AADB600D3C8CB /* iDo List App */ = {
			isa = PBXGroup;
			children = (
				7ABC5B571D4AADB600D3C8CB /* AppDelegate.swift */,
				7ABC5B591D4AADB600D3C8CB /* FirstViewController.swift */,
				7ABC5B5B1D4AADB600D3C8CB /* SecondViewController.swift */,
				7ABC5B5D1D4AADB600D3C8CB /* Main.storyboard */,
				7ABC5B601D4AADB600D3C8CB /* Assets.xcassets */,
				7ABC5B621D4AADB600D3C8CB /* LaunchScreen.storyboard */,
				7ABC5B651D4AADB600D3C8CB /* Info.plist */,
			);
			path = "iDo List App";
			sourceTree = "<group>";
		};
/* End PBXGroup section */

/* Begin PBXNativeTarget section */
		7ABC5B531D4AADB600D3C8CB /* iDo List App */ = {
			isa = PBXNativeTarget;
			buildConfigurationList = 7ABC5B681D4AADB600D3C8CB /* Build configuration list for PBXNativeTarget "iDo List App" */;
			buildPhases = (
				7ABC5B501D4AADB600D3C8CB /* Sources */,
				7ABC5B511D4AADB600D3C8CB /* Frameworks */,
				7ABC5B521D4AADB600D3C8CB /* Resources */,
			);
			buildRules = (
			);
			dependencies = (
			);
			name = "iDo List App";
			productName = "iDo List App";
			productReference = 7ABC5B541D4AADB600D3C8CB /* iDo List App.app */;
			productType = "com.apple.product-type.application";
		};
/* End PBXNativeTarget section */

/* Begin PBXProject section */
		7ABC5B4C1D4AADB600D3C8CB /* Project object */ = {
			isa = PBXProject;
			attributes = {
				LastSwiftUpdateCheck = 0730;
				LastUpgradeCheck = 0730;
				ORGANIZATIONNAME = "Maranville Designs";
				TargetAttributes = {
					7ABC5B531D4AADB600D3C8CB = {
						CreatedOnToolsVersion = 7.3;
						DevelopmentTeam = 5342GBW3S2;
					};
				};
			};
			buildConfigurationList = 7ABC5B4F1D4AADB600D3C8CB /* Build configuration list for PBXProject "iDo List App" */;
			compatibilityVersion = "Xcode 3.2";
			developmentRegion = English;
			hasScannedForEncodings = 0;
			knownRegions = (
				en,
				Base,
			);
			mainGroup = 7ABC5B4B1D4AADB600D3C8CB;
			productRefGroup = 7ABC5B551D4AADB600D3C8CB /* Products */;
			projectDirPath = "";
			projectRoot = "";
			targets = (
				7ABC5B531D4AADB600D3C8CB /* iDo List App */,
			);
		};
/* End PBXProject section */

/* Begin PBXResourcesBuildPhase section */
		7ABC5B521D4AADB600D3C8CB /* Resources */ = {
			isa = PBXResourcesBuildPhase;
			buildActionMask = 2147483647;
			files = (
				7ABC5B641D4AADB600D3C8CB /* LaunchScreen.storyboard in Resources */,
				7ABC5B611D4AADB600D3C8CB /* Assets.xcassets in Resources */,
				7ABC5B5F1D4AADB600D3C8CB /* Main.storyboard in Resources */,
			);
			runOnlyForDeploymentPostprocessing = 0;
		};
/* End PBXResourcesBuildPhase section */

/* Begin PBXSourcesBuildPhase section */
		7ABC5B501D4AADB600D3C8CB /* Sources */ = {
			isa = PBXSourcesBuildPhase;
			buildActionMask = 2147483647;
			files = (
				7ABC5B5C1D4AADB600D3C8CB /* SecondViewController.swift in Sources */,
				7ABC5B581D4AADB600D3C8CB /* AppDelegate.swift in Sources */,
				7ABC5B5A1D4AADB600D3C8CB /* FirstViewController.swift in Sources */,
			);
			runOnlyForDeploymentPostprocessing = 0;
		};
/* End PBXSourcesBuildPhase section */

/* Begin PBXVariantGroup section */
		7ABC5B5D1D4AADB600D3C8CB /* Main.storyboard */ = {
			isa = PBXVariantGroup;
			children = (
				7ABC5B5E1D4AADB600D3C8CB /* Base */,
			);
			name = Main.storyboard;
			sourceTree = "<group>";
		};
		7ABC5B621D4AADB600D3C8CB /* LaunchScreen.storyboard */ = {
			isa = PBXVariantGroup;
			children = (
				7ABC5B631D4AADB600D3C8CB /* Base */,
			);
			name = LaunchScreen.storyboard;
			sourceTree = "<group>";
		};
/* End PBXVariantGroup section */

/* Begin XCBuildConfiguration section */
		7ABC5B661D4AADB600D3C8CB /* Debug */ = {
			isa = XCBuildConfiguration;
			buildSettings = {
				ALWAYS_SEARCH_USER_PATHS = NO;
				CLANG_ANALYZER_NONNULL = YES;
				CLANG_CXX_LANGUAGE_STANDARD = "gnu++0x";
				CLANG_CXX_LIBRARY = "libc++";
				CLANG_ENABLE_MODULES = YES;
				CLANG_ENABLE_OBJC_ARC = YES;
				CLANG_WARN_BOOL_CONVERSION = YES;
				CLANG_WARN_CONSTANT_CONVERSION = YES;
				CLANG_WARN_DIRECT_OBJC_ISA_USAGE = YES_ERROR;
				CLANG_WARN_EMPTY_BODY = YES;
				CLANG_WARN_ENUM_CONVERSION = YES;
				CLANG_WARN_INT_CONVERSION = YES;
				CLANG_WARN_OBJC_ROOT_CLASS = YES_ERROR;
				CLANG_WARN_UNREACHABLE_CODE = YES;
				CLANG_WARN__DUPLICATE_METHOD_MATCH = YES;
				"CODE_SIGN_IDENTITY[sdk=iphoneos*]" = "iPhone Developer";
				COPY_PHASE_STRIP = NO;
				DEBUG_INFORMATION_FORMAT = dwarf;
				ENABLE_STRICT_OBJC_MSGSEND = YES;
				ENABLE_TESTABILITY = YES;
				GCC_C_LANGUAGE_STANDARD = gnu99;
				GCC_DYNAMIC_NO_PIC = NO;
				GCC_NO_COMMON_BLOCKS = YES;
				GCC_OPTIMIZATION_LEVEL = 0;
				GCC_PREPROCESSOR_DEFINITIONS = (
					"DEBUG=1",
					"$(inherited)",
				);
				GCC_WARN_64_TO_32_BIT_CONVERSION = YES;
				GCC_WARN_ABOUT_RETURN_TYPE = YES_ERROR;
				GCC_WARN_UNDECLARED_SELECTOR = YES;
				GCC_WARN_UNINITIALIZED_AUTOS = YES_AGGRESSIVE;
				GCC_WARN_UNUSED_FUNCTION = YES;
				GCC_WARN_UNUSED_VARIABLE = YES;
				IPHONEOS_DEPLOYMENT_TARGET = 9.3;
				MTL_ENABLE_DEBUG_INFO = YES;
				ONLY_ACTIVE_ARCH = YES;
				SDKROOT = iphoneos;
				SWIFT_OPTIMIZATION_LEVEL = "-Onone";
			};
			name = Debug;
		};
		7ABC5B671D4AADB600D3C8CB /* Release */ = {
			isa = XCBuildConfiguration;
			buildSettings = {
				ALWAYS_SEARCH_USER_PATHS = NO;
				CLANG_ANALYZER_NONNULL = YES;
				CLANG_CXX_LANGUAGE_STANDARD = "gnu++0x";
				CLANG_CXX_LIBRARY = "libc++";
				CLANG_ENABLE_MODULES = YES;
				CLANG_ENABLE_OBJC_ARC = YES;
				CLANG_WARN_BOOL_CONVERSION = YES;
				CLANG_WARN_CONSTANT_CONVERSION = YES;
				CLANG_WARN_DIRECT_OBJC_ISA_USAGE = YES_ERROR;
				CLANG_WARN_EMPTY_BODY = YES;
				CLANG_WARN_ENUM_CONVERSION = YES;
				CLANG_WARN_INT_CONVERSION = YES;
				CLANG_WARN_OBJC_ROOT_CLASS = YES_ERROR;
				CLANG_WARN_UNREACHABLE_CODE = YES;
				CLANG_WARN__DUPLICATE_METHOD_MATCH = YES;
				"CODE_SIGN_IDENTITY[sdk=iphoneos*]" = "iPhone Developer";
				COPY_PHASE_STRIP = NO;
				DEBUG_INFORMATION_FORMAT = "dwarf-with-dsym";
				ENABLE_NS_ASSERTIONS = NO;
				ENABLE_STRICT_OBJC_MSGSEND = YES;
				GCC_C_LANGUAGE_STANDARD = gnu99;
				GCC_NO_COMMON_BLOCKS = YES;
				GCC_WARN_64_TO_32_BIT_CONVERSION = YES;
				GCC_WARN_ABOUT_RETURN_TYPE = YES_ERROR;
				GCC_WARN_UNDECLARED_SELECTOR = YES;
				GCC_WARN_UNINITIALIZED_AUTOS = YES_AGGRESSIVE;
				GCC_WARN_UNUSED_FUNCTION = YES;
				GCC_WARN_UNUSED_VARIABLE = YES;
				IPHONEOS_DEPLOYMENT_TARGET = 9.3;
				MTL_ENABLE_DEBUG_INFO = NO;
				SDKROOT = iphoneos;
				VALIDATE_PRODUCT = YES;
			};
			name = Release;
		};
		7ABC5B691D4AADB600D3C8CB /* Debug */ = {
			isa = XCBuildConfiguration;
			buildSettings = {
				ASSETCATALOG_COMPILER_APPICON_NAME = AppIcon;
				CODE_SIGN_IDENTITY = "iPhone Developer";
				INFOPLIST_FILE = "iDo List App/Info.plist";
				LD_RUNPATH_SEARCH_PATHS = "$(inherited) @executable_path/Frameworks";
				PRODUCT_BUNDLE_IDENTIFIER = "com.maranvilledesigns.iDo-List-App";
				PRODUCT_NAME = "$(TARGET_NAME)";
			};
			name = Debug;
		};
		7ABC5B6A1D4AADB600D3C8CB /* Release */ = {
			isa = XCBuildConfiguration;
			buildSettings = {
				ASSETCATALOG_COMPILER_APPICON_NAME = AppIcon;
				CODE_SIGN_IDENTITY = "iPhone Developer";
				INFOPLIST_FILE = "iDo List App/Info.plist";
				LD_RUNPATH_SEARCH_PATHS = "$(inherited) @executable_path/Frameworks";
				PRODUCT_BUNDLE_IDENTIFIER = "com.maranvilledesigns.iDo-List-App";
				PRODUCT_NAME = "$(TARGET_NAME)";
			};
			name = Release;
		};
/* End XCBuildConfiguration section */

/* Begin XCConfigurationList section */
		7ABC5B4F1D4AADB600D3C8CB /* Build configuration list for PBXProject "iDo List App" */ = {
			isa = XCConfigurationList;
			buildConfigurations = (
				7ABC5B661D4AADB600D3C8CB /* Debug */,
				7ABC5B671D4AADB600D3C8CB /* Release */,
			);
			defaultConfigurationIsVisible = 0;
			defaultConfigurationName = Release;
		};
		7ABC5B681D4AADB600D3C8CB /* Build configuration list for PBXNativeTarget "iDo List App" */ = {
			isa = XCConfigurationList;
			buildConfigurations = (
				7ABC5B691D4AADB600D3C8CB /* Debug */,
				7ABC5B6A1D4AADB600D3C8CB /* Release */,
			);
			defaultConfigurationIsVisible = 0;
		};
/* End XCConfigurationList section */
	};
	rootObject = 7ABC5B4C1D4AADB600D3C8CB /* Project object */;
}
